
Microsoft Visual Studio Solution File, Format Version 12.00
# Visual Studio Version 17
VisualStudioVersion = 17.0.32126.317
MinimumVisualStudioVersion = 10.0.40219.1
Project("{9A19103F-16F7-4668-BE54-9A1E7A4F7556}") = "ZPF_PDFReport", "ZPF_PDFReport\ZPF_PDFReport.csproj", "{9EED66DE-1E41-4B23-AD1D-6130C8DBA26F}"
EndProject
Global
	GlobalSection(SolutionConfigurationPlatforms) = preSolution
		Debug|Any CPU = Debug|Any CPU
		Release|Any CPU = Release|Any CPU
	EndGlobalSection
	GlobalSection(ProjectConfigurationPlatforms) = postSolution
		{9EED66DE-1E41-4B23-AD1D-6130C8DBA26F}.Debug|Any CPU.ActiveCfg = Debug|Any CPU
		{9EED66DE-1E41-4B23-AD1D-6130C8DBA26F}.Debug|Any CPU.Build.0 = Debug|Any CPU
		{9EED66DE-1E41-4B23-AD1D-6130C8DBA26F}.Release|Any CPU.ActiveCfg = Release|Any CPU
		{9EED66DE-1E41-4B23-AD1D-6130C8DBA26F}.Release|Any CPU.Build.0 = Release|Any CPU
	EndGlobalSection
	GlobalSection(SolutionProperties) = preSolution
		HideSolutionNode = FALSE
	EndGlobalSection
	GlobalSection(ExtensibilityGlobals) = postSolution
		SolutionGuid = {867F920D-2C53-4CC3-8B63-6901EF6BFE10}
	EndGlobalSection
EndGlobal
